
Microsoft Visual Studio Solution File, Format Version 12.00
# Visual Studio Version 17
VisualStudioVersion = 17.9.34728.123
MinimumVisualStudioVersion = 10.0.40219.1
Project("{9A19103F-16F7-4668-BE54-9A1E7A4F7556}") = "ClientSamokat", "ClientSamokat.csproj", "{5CDA4584-801A-4753-B12A-C0B3EA9FE134}"
EndProject
Project("{FAE04EC0-301F-11D3-BF4B-00C04F79EFBC}") = "CourierClient", "..\CourierClient\CourierClient.csproj", "{D58C89EF-99F8-447E-AF19-4081D10BBE92}"
EndProject
Global
	GlobalSection(SolutionConfigurationPlatforms) = preSolution
		Debug|Any CPU = Debug|Any CPU
		Release|Any CPU = Release|Any CPU
	EndGlobalSection
	GlobalSection(ProjectConfigurationPlatforms) = postSolution
		{5CDA4584-801A-4753-B12A-C0B3EA9FE134}.Debug|Any CPU.ActiveCfg = Debug|Any CPU
		{5CDA4584-801A-4753-B12A-C0B3EA9FE134}.Debug|Any CPU.Build.0 = Debug|Any CPU
		{5CDA4584-801A-4753-B12A-C0B3EA9FE134}.Release|Any CPU.ActiveCfg = Release|Any CPU
		{5CDA4584-801A-4753-B12A-C0B3EA9FE134}.Release|Any CPU.Build.0 = Release|Any CPU
		{D58C89EF-99F8-447E-AF19-4081D10BBE92}.Debug|Any CPU.ActiveCfg = Debug|Any CPU
		{D58C89EF-99F8-447E-AF19-4081D10BBE92}.Debug|Any CPU.Build.0 = Debug|Any CPU
		{D58C89EF-99F8-447E-AF19-4081D10BBE92}.Release|Any CPU.ActiveCfg = Release|Any CPU
		{D58C89EF-99F8-447E-AF19-4081D10BBE92}.Release|Any CPU.Build.0 = Release|Any CPU
	EndGlobalSection
	GlobalSection(SolutionProperties) = preSolution
		HideSolutionNode = FALSE
	EndGlobalSection
	GlobalSection(ExtensibilityGlobals) = postSolution
		SolutionGuid = {BE039920-D299-4A67-B668-F204C9054ACE}
	EndGlobalSection
EndGlobal
